{
  "version": "v1",
  "packages": {
    "testlib": {
      "signature": "50a4c63d8fccc418446191250b5f7cc2",
      "file": true
    },
    "@alanbrowndesign/connected-ui-edge": {
      "signature": "584e8db1c89caed58d7a444e463ea31b",
      "file": true
    },
    "connected-ui-edge": {
      "signature": "f7794dff8e7db894376853d84a83b12c",
      "file": true,
      "replaced": "^0.0.28"
    }
  }
}